
Microsoft Visual Studio Solution File, Format Version 12.00
# Visual Studio Version 17
VisualStudioVersion = 17.0.31912.275
MinimumVisualStudioVersion = 10.0.40219.1
Project("{8BC9CEB8-8B4A-11D0-8D11-00A0C91BC942}") = "GameEngine", "GameEngine\GameEngine.vcxproj", "{5C3397C3-8ECF-4B1D-9554-F6CFC467A356}"
EndProject
Global
	GlobalSection(SolutionConfigurationPlatforms) = preSolution
		Debug|x64 = Debug|x64
		Debug|x86 = Debug|x86
		Release|x64 = Release|x64
		Release|x86 = Release|x86
	EndGlobalSection
	GlobalSection(ProjectConfigurationPlatforms) = postSolution
		{5C3397C3-8ECF-4B1D-9554-F6CFC467A356}.Debug|x64.ActiveCfg = Debug|x64
		{5C3397C3-8ECF-4B1D-9554-F6CFC467A356}.Debug|x64.Build.0 = Debug|x64
		{5C3397C3-8ECF-4B1D-9554-F6CFC467A356}.Debug|x86.ActiveCfg = Debug|Win32
		{5C3397C3-8ECF-4B1D-9554-F6CFC467A356}.Debug|x86.Build.0 = Debug|Win32
		{5C3397C3-8ECF-4B1D-9554-F6CFC467A356}.Release|x64.ActiveCfg = Release|x64
		{5C3397C3-8ECF-4B1D-9554-F6CFC467A356}.Release|x64.Build.0 = Release|x64
		{5C3397C3-8ECF-4B1D-9554-F6CFC467A356}.Release|x86.ActiveCfg = Release|Win32
		{5C3397C3-8ECF-4B1D-9554-F6CFC467A356}.Release|x86.Build.0 = Release|Win32
	EndGlobalSection
	GlobalSection(SolutionProperties) = preSolution
		HideSolutionNode = FALSE
	EndGlobalSection
	GlobalSection(ExtensibilityGlobals) = postSolution
		SolutionGuid = {C5FE00E6-3605-4D52-AE48-DA1FB6FB1415}
	EndGlobalSection
EndGlobal
